
Microsoft Visual Studio Solution File, Format Version 12.00
# Visual Studio Version 17
VisualStudioVersion = 17.1.32414.318
MinimumVisualStudioVersion = 10.0.40219.1
Project("{FAE04EC0-301F-11D3-BF4B-00C04F79EFBC}") = "Resume Maker", "Resume Maker\Resume Maker.csproj", "{BE513EFA-5688-43F0-85F0-865724E4989B}"
EndProject
Global
	GlobalSection(SolutionConfigurationPlatforms) = preSolution
		Debug|Any CPU = Debug|Any CPU
		Release|Any CPU = Release|Any CPU
	EndGlobalSection
	GlobalSection(ProjectConfigurationPlatforms) = postSolution
		{BE513EFA-5688-43F0-85F0-865724E4989B}.Debug|Any CPU.ActiveCfg = Debug|Any CPU
		{BE513EFA-5688-43F0-85F0-865724E4989B}.Debug|Any CPU.Build.0 = Debug|Any CPU
		{BE513EFA-5688-43F0-85F0-865724E4989B}.Release|Any CPU.ActiveCfg = Release|Any CPU
		{BE513EFA-5688-43F0-85F0-865724E4989B}.Release|Any CPU.Build.0 = Release|Any CPU
	EndGlobalSection
	GlobalSection(SolutionProperties) = preSolution
		HideSolutionNode = FALSE
	EndGlobalSection
	GlobalSection(ExtensibilityGlobals) = postSolution
		SolutionGuid = {540BE0C4-94A2-4376-91E2-238AAF92A909}
	EndGlobalSection
EndGlobal
